
Microsoft Visual Studio Solution File, Format Version 12.00
# Visual Studio Version 17
VisualStudioVersion = 17.10.35122.118
MinimumVisualStudioVersion = 10.0.40219.1
Project("{9A19103F-16F7-4668-BE54-9A1E7A4F7556}") = "CommonLibrary", "..\Core\CoreLibrary\CommonLibrary\CommonLibrary.csproj", "{21790D8D-7DCA-4710-BA1F-6C253DD6575E}"
EndProject
Project("{9A19103F-16F7-4668-BE54-9A1E7A4F7556}") = "CoreLibrary", "..\Core\CoreLibrary\CoreLibrary\CoreLibrary.csproj", "{9E9793A9-7A3F-44D7-AEB1-672DAA8FBAAC}"
EndProject
Project("{9A19103F-16F7-4668-BE54-9A1E7A4F7556}") = "ModelLibrary", "..\Core\CoreLibrary\ModelLibrary\ModelLibrary.csproj", "{97320BEC-F6B3-4051-9A37-96CD179EE9C4}"
EndProject
Project("{9A19103F-16F7-4668-BE54-9A1E7A4F7556}") = "ReportServiceClient", "..\Core\CoreLibrary\ReportServiceClient\ReportServiceClient.csproj", "{664C62E7-B08B-40D4-9042-0D031D267467}"
EndProject
Project("{9A19103F-16F7-4668-BE54-9A1E7A4F7556}") = "BAS_B0000_ManagementService", "BAS_B0000_ManagementService\BAS_B0000_ManagementService.csproj", "{0B346A1C-82B9-479D-A581-2691F2B90F8A}"
EndProject
Project("{9A19103F-16F7-4668-BE54-9A1E7A4F7556}") = "BAS_B0000_Management", "BAS_B0000_Management\BAS_B0000_Management.csproj", "{9243A3AF-80E0-4A24-B7F3-B41609DD0F19}"
EndProject
Project("{9A19103F-16F7-4668-BE54-9A1E7A4F7556}") = "BAS_B0001_BatchReport", "BAS_B0001_BatchReport\BAS_B0001_BatchReport.csproj", "{69D6B823-DA04-4838-B7EB-9755EF3900CB}"
EndProject
Project("{9A19103F-16F7-4668-BE54-9A1E7A4F7556}") = "BAS_B1001_TempFolderDelete", "BAS_B1001_TempFolderDelete\BAS_B1001_TempFolderDelete.csproj", "{BCA0049B-D5D7-42F5-BF93-BE177CA5468D}"
EndProject
Project("{9A19103F-16F7-4668-BE54-9A1E7A4F7556}") = "BAS_B9001_BatchYoyaku", "BAS_B9001_BatchYoyaku\BAS_B9001_BatchYoyaku.csproj", "{E3147FA0-B021-4E94-B5BD-34630EA4D5B8}"
EndProject
Project("{9A19103F-16F7-4668-BE54-9A1E7A4F7556}") = "NskWeb", "NskWeb\NskWeb.csproj", "{859A2EEC-2620-4203-8327-C98DEB6E3EDD}"
	ProjectSection(ProjectDependencies) = postProject
		{CA1475A6-8149-4DEA-9BE8-FC1C2FDD8C56} = {CA1475A6-8149-4DEA-9BE8-FC1C2FDD8C56}
	EndProjectSection
EndProject
Project("{9A19103F-16F7-4668-BE54-9A1E7A4F7556}") = "NSK_B000000_Management", "NSK_B000000_Management\NSK_B000000_Management.csproj", "{6289038A-82CE-4C72-8539-EF9AC0230565}"
EndProject
Project("{9A19103F-16F7-4668-BE54-9A1E7A4F7556}") = "NSK_B000000_ManagementService", "NSK_B000000_ManagementService\NSK_B000000_ManagementService.csproj", "{5664C894-2AD4-4E30-8D33-2CA8E208EE46}"
EndProject
Project("{9A19103F-16F7-4668-BE54-9A1E7A4F7556}") = "BAS_B0002_CsvExp", "BAS_B0002_CsvExp\BAS_B0002_CsvExp.csproj", "{19E9382E-5982-4659-8931-4C9E55910DF1}"
EndProject
Project("{9A19103F-16F7-4668-BE54-9A1E7A4F7556}") = "BAS_B9002_DmpExpBatch", "BAS_B9002_DmpExpBatch\BAS_B9002_DmpExpBatch.csproj", "{3C374087-4A86-4CB8-AE50-4BE523DC0DB4}"
EndProject
Project("{9A19103F-16F7-4668-BE54-9A1E7A4F7556}") = "NskAppModelLibrary", "NskAppModelLibrary\NskAppModelLibrary.csproj", "{CA1475A6-8149-4DEA-9BE8-FC1C2FDD8C56}"
EndProject
Project("{9A19103F-16F7-4668-BE54-9A1E7A4F7556}") = "NskCommonLibrary", "NskCommonLibrary\NskCommonLibrary.csproj", "{A283C0E3-B506-4E1A-ABE7-9827C7BD005F}"
EndProject
Project("{9A19103F-16F7-4668-BE54-9A1E7A4F7556}") = "NSK_B105011", "NSK_B105011\NSK_B105011.csproj", "{86FE563C-3435-4CE4-987C-CD4B66418CB5}"
EndProject
Project("{9A19103F-16F7-4668-BE54-9A1E7A4F7556}") = "NskReportMain", "NskReportMain\NskReportMain.csproj", "{F518B7FC-8119-4AA6-A0C7-D60AEA653B33}"
EndProject
Project("{9A19103F-16F7-4668-BE54-9A1E7A4F7556}") = "NskApi", "NskApi\NskApi.csproj", "{24660C29-FC1D-4AB5-B56C-FF28A47F4923}"
EndProject
Project("{9A19103F-16F7-4668-BE54-9A1E7A4F7556}") = "NskReportLibrary", "NskReportLibrary\NskReportLibrary.csproj", "{8C344FB7-9933-4308-A0A9-559F80296CA4}"
EndProject
Project("{9A19103F-16F7-4668-BE54-9A1E7A4F7556}") = "NskReportFontConfirmation", "NskReportFontConfirmation\NskReportFontConfirmation.csproj", "{CE144A0A-1289-42D0-852A-B3AFC22EE6D9}"
EndProject
Project("{9A19103F-16F7-4668-BE54-9A1E7A4F7556}") = "NskReportDriver", "NskReportDriver\NskReportDriver.csproj", "{18B95460-FAB7-4528-A596-F14462484CFD}"
EndProject
Project("{9A19103F-16F7-4668-BE54-9A1E7A4F7556}") = "NskReportDesignDriver", "NskReportDesignDriver\NskReportDesignDriver.csproj", "{AB9D2695-C25B-45D9-B7AC-2F47C9DB784A}"
EndProject
Project("{9A19103F-16F7-4668-BE54-9A1E7A4F7556}") = "NskReport", "NskReport\NskReport.csproj", "{38066718-F72E-4E10-B5F4-2DDE262B55C8}"
EndProject
Project("{9A19103F-16F7-4668-BE54-9A1E7A4F7556}") = "NskDmpApi", "NskDmpApi\NskDmpApi.csproj", "{719FC94E-4387-49EA-B93D-95BF6F03D154}"
EndProject
Project("{FAE04EC0-301F-11D3-BF4B-00C04F79EFBC}") = "NSK_B105012", "NSK_B105012\NSK_B105012.csproj", "{FE3CD283-59BC-F6BF-04EC-80DF5A0EAC2E}"
EndProject
Project("{FAE04EC0-301F-11D3-BF4B-00C04F79EFBC}") = "NSK_B105013", "NSK_B105013\NSK_B105013.csproj", "{E1FFCAE1-1B7B-77EB-4927-9964E6300078}"
EndProject
Project("{FAE04EC0-301F-11D3-BF4B-00C04F79EFBC}") = "NSK_B105090", "NSK_B105090\NSK_B105090.csproj", "{61C2C721-4DFD-191D-A99D-7695BCACF66C}"
EndProject
Project("{FAE04EC0-301F-11D3-BF4B-00C04F79EFBC}") = "NSK_B105110", "NSK_B105110\NSK_B105110.csproj", "{E5F1A47E-D5D9-83F3-6D8B-A75E140A49FE}"
EndProject
Project("{FAE04EC0-301F-11D3-BF4B-00C04F79EFBC}") = "NSK_B110030", "NSK_B110030\NSK_B110030.csproj", "{4944F0AC-522C-21C6-AD29-2BB8F213247A}"
EndProject
Project("{FAE04EC0-301F-11D3-BF4B-00C04F79EFBC}") = "NSK_B111011", "NSK_B111011\NSK_B111011.csproj", "{09895B28-7C11-5F64-D818-0D9E6D676F65}"
EndProject
Project("{FAE04EC0-301F-11D3-BF4B-00C04F79EFBC}") = "NSK_B111041", "NSK_B111041\NSK_B111041.csproj", "{35682CF0-7446-34AB-7D5E-845053CBC824}"
EndProject
Project("{FAE04EC0-301F-11D3-BF4B-00C04F79EFBC}") = "NSK_B111042", "NSK_B111042\NSK_B111042.csproj", "{E0600BC4-CB38-9480-B0A4-664B7407C01C}"
EndProject
Project("{FAE04EC0-301F-11D3-BF4B-00C04F79EFBC}") = "NSK_B111020", "NSK_B111020\NSK_B111020.csproj", "{148CEE70-533F-993B-4E4A-1C47361E2C24}"
EndProject
Project("{FAE04EC0-301F-11D3-BF4B-00C04F79EFBC}") = "NSK_P111020", "NSK_P111020\NSK_P111020.csproj", "{3D7D4FDA-235F-089C-F288-64B790403DC6}"
EndProject
Project("{FAE04EC0-301F-11D3-BF4B-00C04F79EFBC}") = "NSK_B111030", "NSK_B111030\NSK_B111030.csproj", "{F182DD2B-FDFE-A122-B173-971A6A2BD651}"
EndProject
Project("{FAE04EC0-301F-11D3-BF4B-00C04F79EFBC}") = "NSK_P111030", "NSK_P111030\NSK_P111030.csproj", "{5D5B2945-7D8D-3D69-0A77-AA1F8CC090EB}"
EndProject
Project("{FAE04EC0-301F-11D3-BF4B-00C04F79EFBC}") = "NSK_B111040", "NSK_B111040\NSK_B111040.csproj", "{B614B0FD-B886-9FBE-096F-E22205ADEC74}"
EndProject
Project("{FAE04EC0-301F-11D3-BF4B-00C04F79EFBC}") = "NSK_B109030", "NSK_B109030\NSK_B109030.csproj", "{BEC4BE09-07F4-EC12-B784-3097137E6636}"
EndProject
Project("{FAE04EC0-301F-11D3-BF4B-00C04F79EFBC}") = "NSK_B109031", "NSK_B109031\NSK_B109031.csproj", "{AF47EF59-E912-D0F1-D8CF-065FD4820F1A}"
EndProject
Project("{FAE04EC0-301F-11D3-BF4B-00C04F79EFBC}") = "NSK_B105200", "NSK_B105200\NSK_B105200.csproj", "{1B7C1329-93A1-C3DE-3C5F-107C7FC9EB4C}"
EndProject
Project("{FAE04EC0-301F-11D3-BF4B-00C04F79EFBC}") = "NSK_B102011", "NSK_B102011\NSK_B102011.csproj", "{9DF1DA7D-6A4E-3D20-A419-13865D28D433}"
EndProject
Project("{FAE04EC0-301F-11D3-BF4B-00C04F79EFBC}") = "NSK_B102051", "NSK_B102051\NSK_B102051.csproj", "{4F16DFD6-AEEA-C844-36F9-EA19A0679F26}"
EndProject
Project("{FAE04EC0-301F-11D3-BF4B-00C04F79EFBC}") = "NSK_B102101", "NSK_B102101\NSK_B102101.csproj", "{DD03EC55-3D9C-9D4F-7913-808039E627E8}"
EndProject
Project("{FAE04EC0-301F-11D3-BF4B-00C04F79EFBC}") = "NSK_B102121", "NSK_B102121\NSK_B102121.csproj", "{75206818-53F6-58CB-495B-4645445E692A}"
EndProject
Project("{FAE04EC0-301F-11D3-BF4B-00C04F79EFBC}") = "NSK_B103011", "NSK_B103011\NSK_B103011.csproj", "{C794F7B2-E9EF-709C-47D2-C7B039C8714B}"
EndProject
Project("{FAE04EC0-301F-11D3-BF4B-00C04F79EFBC}") = "NSK_B112011", "NSK_B112011\NSK_B112011.csproj", "{BD2D42DC-1063-26BC-8524-36837B800870}"
EndProject
Project("{FAE04EC0-301F-11D3-BF4B-00C04F79EFBC}") = "NSK_B112041", "NSK_B112041\NSK_B112041.csproj", "{69C1C822-3A2C-7338-2843-0940C2ACB2EC}"
EndProject
Project("{FAE04EC0-301F-11D3-BF4B-00C04F79EFBC}") = "NSK_B112051", "NSK_B112051\NSK_B112051.csproj", "{AA40DF3E-5186-F041-31C9-22CF04315E0C}"
EndProject
Project("{FAE04EC0-301F-11D3-BF4B-00C04F79EFBC}") = "NSK_B112081", "NSK_B112081\NSK_B112081.csproj", "{4D55C499-E29C-4A9C-7B6C-9457C1F92B34}"
EndProject
Project("{FAE04EC0-301F-11D3-BF4B-00C04F79EFBC}") = "NSK_B112091", "NSK_B112091\NSK_B112091.csproj", "{6C2B3325-D5E7-854B-2F1F-F5C49130C035}"
EndProject
Project("{FAE04EC0-301F-11D3-BF4B-00C04F79EFBC}") = "NSK_B112121", "NSK_B112121\NSK_B112121.csproj", "{8653FCA3-0F61-F847-B19F-0E868BD1F39F}"
EndProject
Project("{FAE04EC0-301F-11D3-BF4B-00C04F79EFBC}") = "NSK_B112170", "NSK_B112170\NSK_B112170.csproj", "{7BBE3B1E-1201-6D6D-D454-3DCAAD01BEA5}"
EndProject
Project("{FAE04EC0-301F-11D3-BF4B-00C04F79EFBC}") = "NSK_B112171", "NSK_B112171\NSK_B112171.csproj", "{8CFDEFFB-2C4F-F0EF-C9C9-1156260FD860}"
EndProject
Project("{FAE04EC0-301F-11D3-BF4B-00C04F79EFBC}") = "NSK_B112172", "NSK_B112172\NSK_B112172.csproj", "{22B48DCF-178C-97D2-870B-407AC7E9F586}"
EndProject
Project("{FAE04EC0-301F-11D3-BF4B-00C04F79EFBC}") = "NSK_B112190", "NSK_B112190\NSK_B112190.csproj", "{C8C5CDB5-7FFF-5AC8-F5CB-F6F909896224}"
EndProject
Project("{FAE04EC0-301F-11D3-BF4B-00C04F79EFBC}") = "NSK_B105160", "NSK_B105160\NSK_B105160.csproj", "{C86DF3F6-8117-FC89-3405-313A28A887F6}"
EndProject
Project("{FAE04EC0-301F-11D3-BF4B-00C04F79EFBC}") = "NSK_B109040", "NSK_B109040\NSK_B109040.csproj", "{C2236CE4-0339-9996-BF74-0F8B70270133}"
EndProject
Project("{FAE04EC0-301F-11D3-BF4B-00C04F79EFBC}") = "NSK_P109010", "NSK_P109010\NSK_P109010.csproj", "{786CEB9F-3136-7752-9C17-3DE6DCA90634}"
EndProject
Project("{FAE04EC0-301F-11D3-BF4B-00C04F79EFBC}") = "NSK_B109010", "NSK_B109010\NSK_B109010.csproj", "{9481B114-9672-B5DF-4383-6C483509BF9C}"
EndProject
Global
	GlobalSection(SolutionConfigurationPlatforms) = preSolution
		Debug|Any CPU = Debug|Any CPU
		Release|Any CPU = Release|Any CPU
	EndGlobalSection
	GlobalSection(ProjectConfigurationPlatforms) = postSolution
		{21790D8D-7DCA-4710-BA1F-6C253DD6575E}.Debug|Any CPU.ActiveCfg = Debug|Any CPU
		{21790D8D-7DCA-4710-BA1F-6C253DD6575E}.Debug|Any CPU.Build.0 = Debug|Any CPU
		{21790D8D-7DCA-4710-BA1F-6C253DD6575E}.Release|Any CPU.ActiveCfg = Release|Any CPU
		{21790D8D-7DCA-4710-BA1F-6C253DD6575E}.Release|Any CPU.Build.0 = Release|Any CPU
		{9E9793A9-7A3F-44D7-AEB1-672DAA8FBAAC}.Debug|Any CPU.ActiveCfg = Debug|Any CPU
		{9E9793A9-7A3F-44D7-AEB1-672DAA8FBAAC}.Debug|Any CPU.Build.0 = Debug|Any CPU
		{9E9793A9-7A3F-44D7-AEB1-672DAA8FBAAC}.Release|Any CPU.ActiveCfg = Release|Any CPU
		{9E9793A9-7A3F-44D7-AEB1-672DAA8FBAAC}.Release|Any CPU.Build.0 = Release|Any CPU
		{97320BEC-F6B3-4051-9A37-96CD179EE9C4}.Debug|Any CPU.ActiveCfg = Debug|Any CPU
		{97320BEC-F6B3-4051-9A37-96CD179EE9C4}.Debug|Any CPU.Build.0 = Debug|Any CPU
		{97320BEC-F6B3-4051-9A37-96CD179EE9C4}.Release|Any CPU.ActiveCfg = Release|Any CPU
		{97320BEC-F6B3-4051-9A37-96CD179EE9C4}.Release|Any CPU.Build.0 = Release|Any CPU
		{664C62E7-B08B-40D4-9042-0D031D267467}.Debug|Any CPU.ActiveCfg = Debug|Any CPU
		{664C62E7-B08B-40D4-9042-0D031D267467}.Debug|Any CPU.Build.0 = Debug|Any CPU
		{664C62E7-B08B-40D4-9042-0D031D267467}.Release|Any CPU.ActiveCfg = Release|Any CPU
		{664C62E7-B08B-40D4-9042-0D031D267467}.Release|Any CPU.Build.0 = Release|Any CPU
		{0B346A1C-82B9-479D-A581-2691F2B90F8A}.Debug|Any CPU.ActiveCfg = Debug|Any CPU
		{0B346A1C-82B9-479D-A581-2691F2B90F8A}.Debug|Any CPU.Build.0 = Debug|Any CPU
		{0B346A1C-82B9-479D-A581-2691F2B90F8A}.Release|Any CPU.ActiveCfg = Release|Any CPU
		{0B346A1C-82B9-479D-A581-2691F2B90F8A}.Release|Any CPU.Build.0 = Release|Any CPU
		{9243A3AF-80E0-4A24-B7F3-B41609DD0F19}.Debug|Any CPU.ActiveCfg = Debug|Any CPU
		{9243A3AF-80E0-4A24-B7F3-B41609DD0F19}.Debug|Any CPU.Build.0 = Debug|Any CPU
		{9243A3AF-80E0-4A24-B7F3-B41609DD0F19}.Release|Any CPU.ActiveCfg = Release|Any CPU
		{9243A3AF-80E0-4A24-B7F3-B41609DD0F19}.Release|Any CPU.Build.0 = Release|Any CPU
		{69D6B823-DA04-4838-B7EB-9755EF3900CB}.Debug|Any CPU.ActiveCfg = Debug|Any CPU
		{69D6B823-DA04-4838-B7EB-9755EF3900CB}.Debug|Any CPU.Build.0 = Debug|Any CPU
		{69D6B823-DA04-4838-B7EB-9755EF3900CB}.Release|Any CPU.ActiveCfg = Release|Any CPU
		{69D6B823-DA04-4838-B7EB-9755EF3900CB}.Release|Any CPU.Build.0 = Release|Any CPU
		{BCA0049B-D5D7-42F5-BF93-BE177CA5468D}.Debug|Any CPU.ActiveCfg = Debug|Any CPU
		{BCA0049B-D5D7-42F5-BF93-BE177CA5468D}.Debug|Any CPU.Build.0 = Debug|Any CPU
		{BCA0049B-D5D7-42F5-BF93-BE177CA5468D}.Release|Any CPU.ActiveCfg = Release|Any CPU
		{BCA0049B-D5D7-42F5-BF93-BE177CA5468D}.Release|Any CPU.Build.0 = Release|Any CPU
		{E3147FA0-B021-4E94-B5BD-34630EA4D5B8}.Debug|Any CPU.ActiveCfg = Debug|Any CPU
		{E3147FA0-B021-4E94-B5BD-34630EA4D5B8}.Debug|Any CPU.Build.0 = Debug|Any CPU
		{E3147FA0-B021-4E94-B5BD-34630EA4D5B8}.Release|Any CPU.ActiveCfg = Release|Any CPU
		{E3147FA0-B021-4E94-B5BD-34630EA4D5B8}.Release|Any CPU.Build.0 = Release|Any CPU
		{859A2EEC-2620-4203-8327-C98DEB6E3EDD}.Debug|Any CPU.ActiveCfg = Debug|Any CPU
		{859A2EEC-2620-4203-8327-C98DEB6E3EDD}.Debug|Any CPU.Build.0 = Debug|Any CPU
		{859A2EEC-2620-4203-8327-C98DEB6E3EDD}.Release|Any CPU.ActiveCfg = Release|Any CPU
		{859A2EEC-2620-4203-8327-C98DEB6E3EDD}.Release|Any CPU.Build.0 = Release|Any CPU
		{6289038A-82CE-4C72-8539-EF9AC0230565}.Debug|Any CPU.ActiveCfg = Debug|Any CPU
		{6289038A-82CE-4C72-8539-EF9AC0230565}.Debug|Any CPU.Build.0 = Debug|Any CPU
		{6289038A-82CE-4C72-8539-EF9AC0230565}.Release|Any CPU.ActiveCfg = Release|Any CPU
		{6289038A-82CE-4C72-8539-EF9AC0230565}.Release|Any CPU.Build.0 = Release|Any CPU
		{5664C894-2AD4-4E30-8D33-2CA8E208EE46}.Debug|Any CPU.ActiveCfg = Debug|Any CPU
		{5664C894-2AD4-4E30-8D33-2CA8E208EE46}.Debug|Any CPU.Build.0 = Debug|Any CPU
		{5664C894-2AD4-4E30-8D33-2CA8E208EE46}.Release|Any CPU.ActiveCfg = Release|Any CPU
		{5664C894-2AD4-4E30-8D33-2CA8E208EE46}.Release|Any CPU.Build.0 = Release|Any CPU
		{19E9382E-5982-4659-8931-4C9E55910DF1}.Debug|Any CPU.ActiveCfg = Debug|Any CPU
		{19E9382E-5982-4659-8931-4C9E55910DF1}.Debug|Any CPU.Build.0 = Debug|Any CPU
		{19E9382E-5982-4659-8931-4C9E55910DF1}.Release|Any CPU.ActiveCfg = Release|Any CPU
		{19E9382E-5982-4659-8931-4C9E55910DF1}.Release|Any CPU.Build.0 = Release|Any CPU
		{3C374087-4A86-4CB8-AE50-4BE523DC0DB4}.Debug|Any CPU.ActiveCfg = Debug|Any CPU
		{3C374087-4A86-4CB8-AE50-4BE523DC0DB4}.Debug|Any CPU.Build.0 = Debug|Any CPU
		{3C374087-4A86-4CB8-AE50-4BE523DC0DB4}.Release|Any CPU.ActiveCfg = Release|Any CPU
		{3C374087-4A86-4CB8-AE50-4BE523DC0DB4}.Release|Any CPU.Build.0 = Release|Any CPU
		{CA1475A6-8149-4DEA-9BE8-FC1C2FDD8C56}.Debug|Any CPU.ActiveCfg = Debug|Any CPU
		{CA1475A6-8149-4DEA-9BE8-FC1C2FDD8C56}.Debug|Any CPU.Build.0 = Debug|Any CPU
		{CA1475A6-8149-4DEA-9BE8-FC1C2FDD8C56}.Release|Any CPU.ActiveCfg = Release|Any CPU
		{CA1475A6-8149-4DEA-9BE8-FC1C2FDD8C56}.Release|Any CPU.Build.0 = Release|Any CPU
		{A283C0E3-B506-4E1A-ABE7-9827C7BD005F}.Debug|Any CPU.ActiveCfg = Debug|Any CPU
		{A283C0E3-B506-4E1A-ABE7-9827C7BD005F}.Debug|Any CPU.Build.0 = Debug|Any CPU
		{A283C0E3-B506-4E1A-ABE7-9827C7BD005F}.Release|Any CPU.ActiveCfg = Release|Any CPU
		{A283C0E3-B506-4E1A-ABE7-9827C7BD005F}.Release|Any CPU.Build.0 = Release|Any CPU
		{86FE563C-3435-4CE4-987C-CD4B66418CB5}.Debug|Any CPU.ActiveCfg = Debug|Any CPU
		{86FE563C-3435-4CE4-987C-CD4B66418CB5}.Debug|Any CPU.Build.0 = Debug|Any CPU
		{86FE563C-3435-4CE4-987C-CD4B66418CB5}.Release|Any CPU.ActiveCfg = Release|Any CPU
		{86FE563C-3435-4CE4-987C-CD4B66418CB5}.Release|Any CPU.Build.0 = Release|Any CPU
		{F518B7FC-8119-4AA6-A0C7-D60AEA653B33}.Debug|Any CPU.ActiveCfg = Debug|Any CPU
		{F518B7FC-8119-4AA6-A0C7-D60AEA653B33}.Debug|Any CPU.Build.0 = Debug|Any CPU
		{F518B7FC-8119-4AA6-A0C7-D60AEA653B33}.Release|Any CPU.ActiveCfg = Release|Any CPU
		{F518B7FC-8119-4AA6-A0C7-D60AEA653B33}.Release|Any CPU.Build.0 = Release|Any CPU
		{24660C29-FC1D-4AB5-B56C-FF28A47F4923}.Debug|Any CPU.ActiveCfg = Debug|Any CPU
		{24660C29-FC1D-4AB5-B56C-FF28A47F4923}.Debug|Any CPU.Build.0 = Debug|Any CPU
		{24660C29-FC1D-4AB5-B56C-FF28A47F4923}.Release|Any CPU.ActiveCfg = Release|Any CPU
		{24660C29-FC1D-4AB5-B56C-FF28A47F4923}.Release|Any CPU.Build.0 = Release|Any CPU
		{8C344FB7-9933-4308-A0A9-559F80296CA4}.Debug|Any CPU.ActiveCfg = Debug|Any CPU
		{8C344FB7-9933-4308-A0A9-559F80296CA4}.Debug|Any CPU.Build.0 = Debug|Any CPU
		{8C344FB7-9933-4308-A0A9-559F80296CA4}.Release|Any CPU.ActiveCfg = Release|Any CPU
		{8C344FB7-9933-4308-A0A9-559F80296CA4}.Release|Any CPU.Build.0 = Release|Any CPU
		{CE144A0A-1289-42D0-852A-B3AFC22EE6D9}.Debug|Any CPU.ActiveCfg = Debug|Any CPU
		{CE144A0A-1289-42D0-852A-B3AFC22EE6D9}.Debug|Any CPU.Build.0 = Debug|Any CPU
		{CE144A0A-1289-42D0-852A-B3AFC22EE6D9}.Release|Any CPU.ActiveCfg = Release|Any CPU
		{CE144A0A-1289-42D0-852A-B3AFC22EE6D9}.Release|Any CPU.Build.0 = Release|Any CPU
		{18B95460-FAB7-4528-A596-F14462484CFD}.Debug|Any CPU.ActiveCfg = Debug|Any CPU
		{18B95460-FAB7-4528-A596-F14462484CFD}.Debug|Any CPU.Build.0 = Debug|Any CPU
		{18B95460-FAB7-4528-A596-F14462484CFD}.Release|Any CPU.ActiveCfg = Release|Any CPU
		{18B95460-FAB7-4528-A596-F14462484CFD}.Release|Any CPU.Build.0 = Release|Any CPU
		{AB9D2695-C25B-45D9-B7AC-2F47C9DB784A}.Debug|Any CPU.ActiveCfg = Debug|Any CPU
		{AB9D2695-C25B-45D9-B7AC-2F47C9DB784A}.Debug|Any CPU.Build.0 = Debug|Any CPU
		{AB9D2695-C25B-45D9-B7AC-2F47C9DB784A}.Release|Any CPU.ActiveCfg = Release|Any CPU
		{AB9D2695-C25B-45D9-B7AC-2F47C9DB784A}.Release|Any CPU.Build.0 = Release|Any CPU
		{38066718-F72E-4E10-B5F4-2DDE262B55C8}.Debug|Any CPU.ActiveCfg = Debug|Any CPU
		{38066718-F72E-4E10-B5F4-2DDE262B55C8}.Debug|Any CPU.Build.0 = Debug|Any CPU
		{38066718-F72E-4E10-B5F4-2DDE262B55C8}.Release|Any CPU.ActiveCfg = Release|Any CPU
		{38066718-F72E-4E10-B5F4-2DDE262B55C8}.Release|Any CPU.Build.0 = Release|Any CPU
		{719FC94E-4387-49EA-B93D-95BF6F03D154}.Debug|Any CPU.ActiveCfg = Debug|Any CPU
		{719FC94E-4387-49EA-B93D-95BF6F03D154}.Debug|Any CPU.Build.0 = Debug|Any CPU
		{719FC94E-4387-49EA-B93D-95BF6F03D154}.Release|Any CPU.ActiveCfg = Release|Any CPU
		{719FC94E-4387-49EA-B93D-95BF6F03D154}.Release|Any CPU.Build.0 = Release|Any CPU
		{FE3CD283-59BC-F6BF-04EC-80DF5A0EAC2E}.Debug|Any CPU.ActiveCfg = Debug|Any CPU
		{FE3CD283-59BC-F6BF-04EC-80DF5A0EAC2E}.Debug|Any CPU.Build.0 = Debug|Any CPU
		{FE3CD283-59BC-F6BF-04EC-80DF5A0EAC2E}.Release|Any CPU.ActiveCfg = Release|Any CPU
		{FE3CD283-59BC-F6BF-04EC-80DF5A0EAC2E}.Release|Any CPU.Build.0 = Release|Any CPU
		{E1FFCAE1-1B7B-77EB-4927-9964E6300078}.Debug|Any CPU.ActiveCfg = Debug|Any CPU
		{E1FFCAE1-1B7B-77EB-4927-9964E6300078}.Debug|Any CPU.Build.0 = Debug|Any CPU
		{E1FFCAE1-1B7B-77EB-4927-9964E6300078}.Release|Any CPU.ActiveCfg = Release|Any CPU
		{E1FFCAE1-1B7B-77EB-4927-9964E6300078}.Release|Any CPU.Build.0 = Release|Any CPU
		{61C2C721-4DFD-191D-A99D-7695BCACF66C}.Debug|Any CPU.ActiveCfg = Debug|Any CPU
		{61C2C721-4DFD-191D-A99D-7695BCACF66C}.Debug|Any CPU.Build.0 = Debug|Any CPU
		{61C2C721-4DFD-191D-A99D-7695BCACF66C}.Release|Any CPU.ActiveCfg = Release|Any CPU
		{61C2C721-4DFD-191D-A99D-7695BCACF66C}.Release|Any CPU.Build.0 = Release|Any CPU
		{E5F1A47E-D5D9-83F3-6D8B-A75E140A49FE}.Debug|Any CPU.ActiveCfg = Debug|Any CPU
		{E5F1A47E-D5D9-83F3-6D8B-A75E140A49FE}.Debug|Any CPU.Build.0 = Debug|Any CPU
		{E5F1A47E-D5D9-83F3-6D8B-A75E140A49FE}.Release|Any CPU.ActiveCfg = Release|Any CPU
		{E5F1A47E-D5D9-83F3-6D8B-A75E140A49FE}.Release|Any CPU.Build.0 = Release|Any CPU
		{4944F0AC-522C-21C6-AD29-2BB8F213247A}.Debug|Any CPU.ActiveCfg = Debug|Any CPU
		{4944F0AC-522C-21C6-AD29-2BB8F213247A}.Debug|Any CPU.Build.0 = Debug|Any CPU
		{4944F0AC-522C-21C6-AD29-2BB8F213247A}.Release|Any CPU.ActiveCfg = Release|Any CPU
		{4944F0AC-522C-21C6-AD29-2BB8F213247A}.Release|Any CPU.Build.0 = Release|Any CPU
		{09895B28-7C11-5F64-D818-0D9E6D676F65}.Debug|Any CPU.ActiveCfg = Debug|Any CPU
		{09895B28-7C11-5F64-D818-0D9E6D676F65}.Debug|Any CPU.Build.0 = Debug|Any CPU
		{09895B28-7C11-5F64-D818-0D9E6D676F65}.Release|Any CPU.ActiveCfg = Release|Any CPU
		{09895B28-7C11-5F64-D818-0D9E6D676F65}.Release|Any CPU.Build.0 = Release|Any CPU
		{35682CF0-7446-34AB-7D5E-845053CBC824}.Debug|Any CPU.ActiveCfg = Debug|Any CPU
		{35682CF0-7446-34AB-7D5E-845053CBC824}.Debug|Any CPU.Build.0 = Debug|Any CPU
		{35682CF0-7446-34AB-7D5E-845053CBC824}.Release|Any CPU.ActiveCfg = Release|Any CPU
		{35682CF0-7446-34AB-7D5E-845053CBC824}.Release|Any CPU.Build.0 = Release|Any CPU
		{E0600BC4-CB38-9480-B0A4-664B7407C01C}.Debug|Any CPU.ActiveCfg = Debug|Any CPU
		{E0600BC4-CB38-9480-B0A4-664B7407C01C}.Debug|Any CPU.Build.0 = Debug|Any CPU
		{E0600BC4-CB38-9480-B0A4-664B7407C01C}.Release|Any CPU.ActiveCfg = Release|Any CPU
		{E0600BC4-CB38-9480-B0A4-664B7407C01C}.Release|Any CPU.Build.0 = Release|Any CPU
		{148CEE70-533F-993B-4E4A-1C47361E2C24}.Debug|Any CPU.ActiveCfg = Debug|Any CPU
		{148CEE70-533F-993B-4E4A-1C47361E2C24}.Debug|Any CPU.Build.0 = Debug|Any CPU
		{148CEE70-533F-993B-4E4A-1C47361E2C24}.Release|Any CPU.ActiveCfg = Release|Any CPU
		{148CEE70-533F-993B-4E4A-1C47361E2C24}.Release|Any CPU.Build.0 = Release|Any CPU
		{3D7D4FDA-235F-089C-F288-64B790403DC6}.Debug|Any CPU.ActiveCfg = Debug|Any CPU
		{3D7D4FDA-235F-089C-F288-64B790403DC6}.Debug|Any CPU.Build.0 = Debug|Any CPU
		{3D7D4FDA-235F-089C-F288-64B790403DC6}.Release|Any CPU.ActiveCfg = Release|Any CPU
		{3D7D4FDA-235F-089C-F288-64B790403DC6}.Release|Any CPU.Build.0 = Release|Any CPU
		{F182DD2B-FDFE-A122-B173-971A6A2BD651}.Debug|Any CPU.ActiveCfg = Debug|Any CPU
		{F182DD2B-FDFE-A122-B173-971A6A2BD651}.Debug|Any CPU.Build.0 = Debug|Any CPU
		{F182DD2B-FDFE-A122-B173-971A6A2BD651}.Release|Any CPU.ActiveCfg = Release|Any CPU
		{F182DD2B-FDFE-A122-B173-971A6A2BD651}.Release|Any CPU.Build.0 = Release|Any CPU
		{5D5B2945-7D8D-3D69-0A77-AA1F8CC090EB}.Debug|Any CPU.ActiveCfg = Debug|Any CPU
		{5D5B2945-7D8D-3D69-0A77-AA1F8CC090EB}.Debug|Any CPU.Build.0 = Debug|Any CPU
		{5D5B2945-7D8D-3D69-0A77-AA1F8CC090EB}.Release|Any CPU.ActiveCfg = Release|Any CPU
		{5D5B2945-7D8D-3D69-0A77-AA1F8CC090EB}.Release|Any CPU.Build.0 = Release|Any CPU
		{B614B0FD-B886-9FBE-096F-E22205ADEC74}.Debug|Any CPU.ActiveCfg = Debug|Any CPU
		{B614B0FD-B886-9FBE-096F-E22205ADEC74}.Debug|Any CPU.Build.0 = Debug|Any CPU
		{B614B0FD-B886-9FBE-096F-E22205ADEC74}.Release|Any CPU.ActiveCfg = Release|Any CPU
		{B614B0FD-B886-9FBE-096F-E22205ADEC74}.Release|Any CPU.Build.0 = Release|Any CPU
		{BEC4BE09-07F4-EC12-B784-3097137E6636}.Debug|Any CPU.ActiveCfg = Debug|Any CPU
		{BEC4BE09-07F4-EC12-B784-3097137E6636}.Debug|Any CPU.Build.0 = Debug|Any CPU
		{BEC4BE09-07F4-EC12-B784-3097137E6636}.Release|Any CPU.ActiveCfg = Release|Any CPU
		{BEC4BE09-07F4-EC12-B784-3097137E6636}.Release|Any CPU.Build.0 = Release|Any CPU
		{AF47EF59-E912-D0F1-D8CF-065FD4820F1A}.Debug|Any CPU.ActiveCfg = Debug|Any CPU
		{AF47EF59-E912-D0F1-D8CF-065FD4820F1A}.Debug|Any CPU.Build.0 = Debug|Any CPU
		{AF47EF59-E912-D0F1-D8CF-065FD4820F1A}.Release|Any CPU.ActiveCfg = Release|Any CPU
		{AF47EF59-E912-D0F1-D8CF-065FD4820F1A}.Release|Any CPU.Build.0 = Release|Any CPU
		{1B7C1329-93A1-C3DE-3C5F-107C7FC9EB4C}.Debug|Any CPU.ActiveCfg = Debug|Any CPU
		{1B7C1329-93A1-C3DE-3C5F-107C7FC9EB4C}.Debug|Any CPU.Build.0 = Debug|Any CPU
		{1B7C1329-93A1-C3DE-3C5F-107C7FC9EB4C}.Release|Any CPU.ActiveCfg = Release|Any CPU
		{1B7C1329-93A1-C3DE-3C5F-107C7FC9EB4C}.Release|Any CPU.Build.0 = Release|Any CPU
		{9DF1DA7D-6A4E-3D20-A419-13865D28D433}.Debug|Any CPU.ActiveCfg = Debug|Any CPU
		{9DF1DA7D-6A4E-3D20-A419-13865D28D433}.Debug|Any CPU.Build.0 = Debug|Any CPU
		{9DF1DA7D-6A4E-3D20-A419-13865D28D433}.Release|Any CPU.ActiveCfg = Release|Any CPU
		{9DF1DA7D-6A4E-3D20-A419-13865D28D433}.Release|Any CPU.Build.0 = Release|Any CPU
		{4F16DFD6-AEEA-C844-36F9-EA19A0679F26}.Debug|Any CPU.ActiveCfg = Debug|Any CPU
		{4F16DFD6-AEEA-C844-36F9-EA19A0679F26}.Debug|Any CPU.Build.0 = Debug|Any CPU
		{4F16DFD6-AEEA-C844-36F9-EA19A0679F26}.Release|Any CPU.ActiveCfg = Release|Any CPU
		{4F16DFD6-AEEA-C844-36F9-EA19A0679F26}.Release|Any CPU.Build.0 = Release|Any CPU
		{DD03EC55-3D9C-9D4F-7913-808039E627E8}.Debug|Any CPU.ActiveCfg = Debug|Any CPU
		{DD03EC55-3D9C-9D4F-7913-808039E627E8}.Debug|Any CPU.Build.0 = Debug|Any CPU
		{DD03EC55-3D9C-9D4F-7913-808039E627E8}.Release|Any CPU.ActiveCfg = Release|Any CPU
		{DD03EC55-3D9C-9D4F-7913-808039E627E8}.Release|Any CPU.Build.0 = Release|Any CPU
		{75206818-53F6-58CB-495B-4645445E692A}.Debug|Any CPU.ActiveCfg = Debug|Any CPU
		{75206818-53F6-58CB-495B-4645445E692A}.Debug|Any CPU.Build.0 = Debug|Any CPU
		{75206818-53F6-58CB-495B-4645445E692A}.Release|Any CPU.ActiveCfg = Release|Any CPU
		{75206818-53F6-58CB-495B-4645445E692A}.Release|Any CPU.Build.0 = Release|Any CPU
		{C794F7B2-E9EF-709C-47D2-C7B039C8714B}.Debug|Any CPU.ActiveCfg = Debug|Any CPU
		{C794F7B2-E9EF-709C-47D2-C7B039C8714B}.Debug|Any CPU.Build.0 = Debug|Any CPU
		{C794F7B2-E9EF-709C-47D2-C7B039C8714B}.Release|Any CPU.ActiveCfg = Release|Any CPU
		{C794F7B2-E9EF-709C-47D2-C7B039C8714B}.Release|Any CPU.Build.0 = Release|Any CPU
		{BD2D42DC-1063-26BC-8524-36837B800870}.Debug|Any CPU.ActiveCfg = Debug|Any CPU
		{BD2D42DC-1063-26BC-8524-36837B800870}.Debug|Any CPU.Build.0 = Debug|Any CPU
		{BD2D42DC-1063-26BC-8524-36837B800870}.Release|Any CPU.ActiveCfg = Release|Any CPU
		{BD2D42DC-1063-26BC-8524-36837B800870}.Release|Any CPU.Build.0 = Release|Any CPU
		{69C1C822-3A2C-7338-2843-0940C2ACB2EC}.Debug|Any CPU.ActiveCfg = Debug|Any CPU
		{69C1C822-3A2C-7338-2843-0940C2ACB2EC}.Debug|Any CPU.Build.0 = Debug|Any CPU
		{69C1C822-3A2C-7338-2843-0940C2ACB2EC}.Release|Any CPU.ActiveCfg = Release|Any CPU
		{69C1C822-3A2C-7338-2843-0940C2ACB2EC}.Release|Any CPU.Build.0 = Release|Any CPU
		{AA40DF3E-5186-F041-31C9-22CF04315E0C}.Debug|Any CPU.ActiveCfg = Debug|Any CPU
		{AA40DF3E-5186-F041-31C9-22CF04315E0C}.Debug|Any CPU.Build.0 = Debug|Any CPU
		{AA40DF3E-5186-F041-31C9-22CF04315E0C}.Release|Any CPU.ActiveCfg = Release|Any CPU
		{AA40DF3E-5186-F041-31C9-22CF04315E0C}.Release|Any CPU.Build.0 = Release|Any CPU
		{4D55C499-E29C-4A9C-7B6C-9457C1F92B34}.Debug|Any CPU.ActiveCfg = Debug|Any CPU
		{4D55C499-E29C-4A9C-7B6C-9457C1F92B34}.Debug|Any CPU.Build.0 = Debug|Any CPU
		{4D55C499-E29C-4A9C-7B6C-9457C1F92B34}.Release|Any CPU.ActiveCfg = Release|Any CPU
		{4D55C499-E29C-4A9C-7B6C-9457C1F92B34}.Release|Any CPU.Build.0 = Release|Any CPU
		{6C2B3325-D5E7-854B-2F1F-F5C49130C035}.Debug|Any CPU.ActiveCfg = Debug|Any CPU
		{6C2B3325-D5E7-854B-2F1F-F5C49130C035}.Debug|Any CPU.Build.0 = Debug|Any CPU
		{6C2B3325-D5E7-854B-2F1F-F5C49130C035}.Release|Any CPU.ActiveCfg = Release|Any CPU
		{6C2B3325-D5E7-854B-2F1F-F5C49130C035}.Release|Any CPU.Build.0 = Release|Any CPU
		{8653FCA3-0F61-F847-B19F-0E868BD1F39F}.Debug|Any CPU.ActiveCfg = Debug|Any CPU
		{8653FCA3-0F61-F847-B19F-0E868BD1F39F}.Debug|Any CPU.Build.0 = Debug|Any CPU
		{8653FCA3-0F61-F847-B19F-0E868BD1F39F}.Release|Any CPU.ActiveCfg = Release|Any CPU
		{8653FCA3-0F61-F847-B19F-0E868BD1F39F}.Release|Any CPU.Build.0 = Release|Any CPU
		{7BBE3B1E-1201-6D6D-D454-3DCAAD01BEA5}.Debug|Any CPU.ActiveCfg = Debug|Any CPU
		{7BBE3B1E-1201-6D6D-D454-3DCAAD01BEA5}.Debug|Any CPU.Build.0 = Debug|Any CPU
		{7BBE3B1E-1201-6D6D-D454-3DCAAD01BEA5}.Release|Any CPU.ActiveCfg = Release|Any CPU
		{7BBE3B1E-1201-6D6D-D454-3DCAAD01BEA5}.Release|Any CPU.Build.0 = Release|Any CPU
		{8CFDEFFB-2C4F-F0EF-C9C9-1156260FD860}.Debug|Any CPU.ActiveCfg = Debug|Any CPU
		{8CFDEFFB-2C4F-F0EF-C9C9-1156260FD860}.Debug|Any CPU.Build.0 = Debug|Any CPU
		{8CFDEFFB-2C4F-F0EF-C9C9-1156260FD860}.Release|Any CPU.ActiveCfg = Release|Any CPU
		{8CFDEFFB-2C4F-F0EF-C9C9-1156260FD860}.Release|Any CPU.Build.0 = Release|Any CPU
		{22B48DCF-178C-97D2-870B-407AC7E9F586}.Debug|Any CPU.ActiveCfg = Debug|Any CPU
		{22B48DCF-178C-97D2-870B-407AC7E9F586}.Debug|Any CPU.Build.0 = Debug|Any CPU
		{22B48DCF-178C-97D2-870B-407AC7E9F586}.Release|Any CPU.ActiveCfg = Release|Any CPU
		{22B48DCF-178C-97D2-870B-407AC7E9F586}.Release|Any CPU.Build.0 = Release|Any CPU
		{C8C5CDB5-7FFF-5AC8-F5CB-F6F909896224}.Debug|Any CPU.ActiveCfg = Debug|Any CPU
		{C8C5CDB5-7FFF-5AC8-F5CB-F6F909896224}.Debug|Any CPU.Build.0 = Debug|Any CPU
		{C8C5CDB5-7FFF-5AC8-F5CB-F6F909896224}.Release|Any CPU.ActiveCfg = Release|Any CPU
		{C8C5CDB5-7FFF-5AC8-F5CB-F6F909896224}.Release|Any CPU.Build.0 = Release|Any CPU
		{C86DF3F6-8117-FC89-3405-313A28A887F6}.Debug|Any CPU.ActiveCfg = Debug|Any CPU
		{C86DF3F6-8117-FC89-3405-313A28A887F6}.Debug|Any CPU.Build.0 = Debug|Any CPU
		{C86DF3F6-8117-FC89-3405-313A28A887F6}.Release|Any CPU.ActiveCfg = Release|Any CPU
		{C86DF3F6-8117-FC89-3405-313A28A887F6}.Release|Any CPU.Build.0 = Release|Any CPU
		{C2236CE4-0339-9996-BF74-0F8B70270133}.Debug|Any CPU.ActiveCfg = Debug|Any CPU
		{C2236CE4-0339-9996-BF74-0F8B70270133}.Debug|Any CPU.Build.0 = Debug|Any CPU
		{C2236CE4-0339-9996-BF74-0F8B70270133}.Release|Any CPU.ActiveCfg = Release|Any CPU
		{C2236CE4-0339-9996-BF74-0F8B70270133}.Release|Any CPU.Build.0 = Release|Any CPU
		{786CEB9F-3136-7752-9C17-3DE6DCA90634}.Debug|Any CPU.ActiveCfg = Debug|Any CPU
		{786CEB9F-3136-7752-9C17-3DE6DCA90634}.Debug|Any CPU.Build.0 = Debug|Any CPU
		{786CEB9F-3136-7752-9C17-3DE6DCA90634}.Release|Any CPU.ActiveCfg = Release|Any CPU
		{786CEB9F-3136-7752-9C17-3DE6DCA90634}.Release|Any CPU.Build.0 = Release|Any CPU
		{9481B114-9672-B5DF-4383-6C483509BF9C}.Debug|Any CPU.ActiveCfg = Debug|Any CPU
		{9481B114-9672-B5DF-4383-6C483509BF9C}.Debug|Any CPU.Build.0 = Debug|Any CPU
		{9481B114-9672-B5DF-4383-6C483509BF9C}.Release|Any CPU.ActiveCfg = Release|Any CPU
		{9481B114-9672-B5DF-4383-6C483509BF9C}.Release|Any CPU.Build.0 = Release|Any CPU
	EndGlobalSection
	GlobalSection(SolutionProperties) = preSolution
		HideSolutionNode = FALSE
	EndGlobalSection
	GlobalSection(ExtensibilityGlobals) = postSolution
		SolutionGuid = {EAABAAFD-5D5B-4141-87A4-72F391C6E75A}
	EndGlobalSection
EndGlobal
